{
  "lockfileVersion": 1,
  "workspaces": {
    "": {
      "name": "runtime-lab",
      "dependencies": {
        "react": "^19.1.1",
      },
    },
  },
  "packages": {
    "react": ["react@19.1.1", "", {}, "sha512-w8nqGImo45dmMIfljjMwOGtbmC/mk4CMYhWIicdSflH91J9TyCyczcPFXJzrZ/ZXcgGRFeP6BU0BEJTw6tZdfQ=="],
  }
}
